PODS:
  - DGElasticPullToRefresh (1.1)
  - SnapKit (4.0.0)
  - SwiftyBeaver (1.5.2)

DEPENDENCIES:
  - DGElasticPullToRefresh (from `https://github.com/AlexanderKvamme/DGElasticPullToRefresh.git`)
  - SnapKit
  - SwiftyBeaver

EXTERNAL SOURCES:
  DGElasticPullToRefresh:
    :git: https://github.com/AlexanderKvamme/DGElasticPullToRefresh.git

CHECKOUT OPTIONS:
  DGElasticPullToRefresh:
    :commit: c525935d32f2989b3f0b24bd45b0fe1278aa2097
    :git: https://github.com/AlexanderKvamme/DGElasticPullToRefresh.git

SPEC CHECKSUMS:
  DGElasticPullToRefresh: 28f11a6026302a90f8ffebbc6e24748e584dddd3
  SnapKit: a42d492c16e80209130a3379f73596c3454b7694
  SwiftyBeaver: 85daaaa2b3ae6e31b7b55c99430e8b91dac088af

PODFILE CHECKSUM: 0541dd3a5dc20d44a63472687c897ecbc1681bae

COCOAPODS: 1.4.0
